<?xml version="1.0" encoding="utf-8"?>
<Project ToolsVersion="4.0" xmlns="http://schemas.microsoft.com/developer/msbuild/2003">
  <ItemGroup>
    <Filter Include="源文件">
      <UniqueIdentifier>{4FC737F1-C7A5-4376-A066-2A32D752A2FF}</UniqueIdentifier>
      <Extensions>cpp;c;cc;cxx;c++;cppm;ixx;def;odl;idl;hpj;bat;asm;asmx</Extensions>
    </Filter>
    <Filter Include="资源文件">
      <UniqueIdentifier>{67DA6AB6-F800-4c08-8B7A-83BB121AAD01}</UniqueIdentifier>
      <Extensions>rc;ico;cur;bmp;dlg;rc2;rct;bin;rgs;gif;jpg;jpeg;jpe;resx;tiff;tif;png;wav;mfcribbon-ms</Extensions>
    </Filter>
    <Filter Include="Template_Trait">
      <UniqueIdentifier>{93995380-89BD-4b04-88EB-625FBE52EBFB}</UniqueIdentifier>
      <Extensions>h;hh;hpp;hxx;h++;hm;inl;inc;ipp;xsd</Extensions>
    </Filter>
    <Filter Include="Allocator">
      <UniqueIdentifier>{a25846ab-8790-4298-87b4-37ca6ee9ebf9}</UniqueIdentifier>
    </Filter>
    <Filter Include="Smart_Pointer">
      <UniqueIdentifier>{865712e7-dd42-4f6b-b1b8-53ff5b26abda}</UniqueIdentifier>
    </Filter>
    <Filter Include="virtual_map">
      <UniqueIdentifier>{139eac3d-2a1d-4268-bfa5-53a01b2780a5}</UniqueIdentifier>
    </Filter>
    <Filter Include="Iterator">
      <UniqueIdentifier>{6f67fd35-a1de-4e58-ab8a-ea60c2518495}</UniqueIdentifier>
    </Filter>
    <Filter Include="data_structure">
      <UniqueIdentifier>{97107f7a-45cb-4a9a-97c8-ca7e1ceb993c}</UniqueIdentifier>
    </Filter>
    <Filter Include="CRTP">
      <UniqueIdentifier>{e5522ae8-1ee8-4040-ae9d-4b5d447c7645}</UniqueIdentifier>
    </Filter>
    <Filter Include="Lock">
      <UniqueIdentifier>{dfec9c99-3bb9-46f7-9b81-689013109dbe}</UniqueIdentifier>
    </Filter>
    <Filter Include="StateMachine">
      <UniqueIdentifier>{d0767922-75be-4889-8d75-381b0fc04777}</UniqueIdentifier>
    </Filter>
    <Filter Include="CallbackHelper">
      <UniqueIdentifier>{706644db-583d-4107-9858-23eed58435dd}</UniqueIdentifier>
    </Filter>
    <Filter Include="Thread">
      <UniqueIdentifier>{ff508ce9-b1ac-46c9-8e79-8905fe800bef}</UniqueIdentifier>
    </Filter>
  </ItemGroup>
  <ItemGroup>
    <ClInclude Include="allocator.h">
      <Filter>Allocator</Filter>
    </ClInclude>
    <ClInclude Include="unique_ptr.h">
      <Filter>Smart_Pointer</Filter>
    </ClInclude>
    <ClInclude Include="virtual_map.h">
      <Filter>virtual_map</Filter>
    </ClInclude>
    <ClInclude Include="shared_ptr.h">
      <Filter>Smart_Pointer</Filter>
    </ClInclude>
    <ClInclude Include="deleter.h">
      <Filter>Smart_Pointer</Filter>
    </ClInclude>
    <ClInclude Include="type_traits.h">
      <Filter>Template_Trait</Filter>
    </ClInclude>
    <ClInclude Include="iterator.h">
      <Filter>Iterator</Filter>
    </ClInclude>
    <ClInclude Include="RB-Tree.h">
      <Filter>data_structure</Filter>
    </ClInclude>
    <ClInclude Include="crtp.h">
      <Filter>CRTP</Filter>
    </ClInclude>
    <ClInclude Include="waitable_event.h">
      <Filter>Lock</Filter>
    </ClInclude>
    <ClInclude Include="state_machine.h">
      <Filter>StateMachine</Filter>
    </ClInclude>
    <ClInclude Include="callback_helper.h">
      <Filter>CallbackHelper</Filter>
    </ClInclude>
    <ClInclude Include="BaseWorker.h">
      <Filter>Thread</Filter>
    </ClInclude>
    <ClInclude Include="ThreadPool.h">
      <Filter>Thread</Filter>
    </ClInclude>
    <ClInclude Include="libevent\event_async_queue.h">
      <Filter>Thread</Filter>
    </ClInclude>
    <ClInclude Include="libevent\event_engine.h">
      <Filter>Thread</Filter>
    </ClInclude>
    <ClInclude Include="RingArray.h">
      <Filter>data_structure</Filter>
    </ClInclude>
    <ClInclude Include="LRU.h">
      <Filter>data_structure</Filter>
    </ClInclude>
  </ItemGroup>
  <ItemGroup>
    <ClCompile Include="main.cpp">
      <Filter>源文件</Filter>
    </ClCompile>
    <ClCompile Include="waitable_event.cpp">
      <Filter>Lock</Filter>
    </ClCompile>
    <ClCompile Include="state_machine.cpp">
      <Filter>StateMachine</Filter>
    </ClCompile>
    <ClCompile Include="BaseWorker.cpp">
      <Filter>Thread</Filter>
    </ClCompile>
    <ClCompile Include="libevent\event_async_queue.cpp">
      <Filter>Thread</Filter>
    </ClCompile>
    <ClCompile Include="libevent\event_engine.cpp">
      <Filter>Thread</Filter>
    </ClCompile>
  </ItemGroup>
</Project>